
Microsoft Visual Studio Solution File, Format Version 12.00
# Visual Studio Version 17
VisualStudioVersion = 17.5.002.0
MinimumVisualStudioVersion = 10.0.40219.1
Project("{9A19103F-16F7-4668-BE54-9A1E7A4F7556}") = "task", "task\task.csproj", "{08DCCEBB-472B-4CD8-8D5E-492F10AABEBD}"
EndProject
Global
	GlobalSection(SolutionConfigurationPlatforms) = preSolution
		Debug|Any CPU = Debug|Any CPU
		Release|Any CPU = Release|Any CPU
	EndGlobalSection
	GlobalSection(ProjectConfigurationPlatforms) = postSolution
		{08DCCEBB-472B-4CD8-8D5E-492F10AABEBD}.Debug|Any CPU.ActiveCfg = Debug|Any CPU
		{08DCCEBB-472B-4CD8-8D5E-492F10AABEBD}.Debug|Any CPU.Build.0 = Debug|Any CPU
		{08DCCEBB-472B-4CD8-8D5E-492F10AABEBD}.Release|Any CPU.ActiveCfg = Release|Any CPU
		{08DCCEBB-472B-4CD8-8D5E-492F10AABEBD}.Release|Any CPU.Build.0 = Release|Any CPU
	EndGlobalSection
	GlobalSection(SolutionProperties) = preSolution
		HideSolutionNode = FALSE
	EndGlobalSection
	GlobalSection(ExtensibilityGlobals) = postSolution
		SolutionGuid = {B03BC595-A036-43E7-ACF1-B4EBF7F1B9B6}
	EndGlobalSection
EndGlobal
